
Microsoft Visual Studio Solution File, Format Version 12.00
# Visual Studio Version 17
VisualStudioVersion = 17.10.35013.160
MinimumVisualStudioVersion = 10.0.40219.1
Project("{FAE04EC0-301F-11D3-BF4B-00C04F79EFBC}") = "TraineeRotationPlaner", "TraineeRotationPlaner\TraineeRotationPlaner.csproj", "{D2EF7847-B81A-4336-AC62-EAAAF5B4B6F6}"
EndProject
Global
	GlobalSection(SolutionConfigurationPlatforms) = preSolution
		Debug|Any CPU = Debug|Any CPU
		Release|Any CPU = Release|Any CPU
	EndGlobalSection
	GlobalSection(ProjectConfigurationPlatforms) = postSolution
		{D2EF7847-B81A-4336-AC62-EAAAF5B4B6F6}.Debug|Any CPU.ActiveCfg = Debug|Any CPU
		{D2EF7847-B81A-4336-AC62-EAAAF5B4B6F6}.Debug|Any CPU.Build.0 = Debug|Any CPU
		{D2EF7847-B81A-4336-AC62-EAAAF5B4B6F6}.Release|Any CPU.ActiveCfg = Release|Any CPU
		{D2EF7847-B81A-4336-AC62-EAAAF5B4B6F6}.Release|Any CPU.Build.0 = Release|Any CPU
	EndGlobalSection
	GlobalSection(SolutionProperties) = preSolution
		HideSolutionNode = FALSE
	EndGlobalSection
	GlobalSection(ExtensibilityGlobals) = postSolution
		SolutionGuid = {980750FA-F972-478D-89A7-6665B325B6C3}
	EndGlobalSection
EndGlobal
